# This file is autogenerated, do not edit; changes may be undone by the next 'dep ensure'.


[[projects]]
  branch = "master"
  name = "github.com/aead/siphash"
  packages = ["."]
  revision = "e404fcfc888570cadd1610538e2dbc89f66af814"

[[projects]]
  branch = "master"
  name = "github.com/agl/ed25519"
  packages = [
    ".",
    "edwards25519"
  ]
  revision = "5312a61534124124185d41f09206b9fef1d88403"

[[projects]]
  branch = "master"
  name = "github.com/btcsuite/go-socks"
  packages = ["socks"]
  revision = "4720035b7bfd2a9bb130b1c184f8bbe41b6f0d0f"

[[projects]]
  branch = "master"
  name = "github.com/btcsuite/goleveldb"
  packages = [
    "leveldb",
    "leveldb/cache",
    "leveldb/comparer",
    "leveldb/errors",
    "leveldb/filter",
    "leveldb/iterator",
    "leveldb/journal",
    "leveldb/memdb",
    "leveldb/opt",
    "leveldb/storage",
    "leveldb/table",
    "leveldb/util"
  ]
  revision = "7834afc9e8cd15233b6c3d97e12674a31ca24602"

[[projects]]
  branch = "master"
  name = "github.com/btcsuite/snappy-go"
  packages = ["."]
  revision = "0bdef8d067237991ddaa1bb6072a740bc40601ba"

[[projects]]
  name = "github.com/btcsuite/winsvc"
  packages = [
    "eventlog",
    "mgr",
    "registry",
    "svc",
    "winapi"
  ]
  revision = "f8fb11f83f7e860e3769a08e6811d1b399a43722"
  version = "v1.0.0"

[[projects]]
  branch = "master"
  name = "github.com/davecgh/go-spew"
  packages = ["spew"]
  revision = "8991bc29aa16c548c550c7ff78260e27b9ab7c73"

[[projects]]
  name = "github.com/dchest/blake256"
  packages = ["."]
  revision = "dee3fe6eb0e98dc774a94fc231f85baf7c29d360"
  version = "v1.0.0"

[[projects]]
  name = "github.com/decred/base58"
  packages = ["."]
  revision = "56c501706f00d9e1cfacee19a27117e12da24734"
  version = "v1.0.0"

[[projects]]
  branch = "master"
  name = "github.com/decred/slog"
  packages = ["."]
  revision = "3717d0bc33f3a897fd57a590179b9b9a46f6e5f9"

[[projects]]
  name = "github.com/gorilla/websocket"
  packages = ["."]
  revision = "ea4d1f681babbce9545c9c5f3d5194a789c89f5b"
  version = "v1.2.0"

[[projects]]
  name = "github.com/jessevdk/go-flags"
  packages = ["."]
  revision = "c6ca198ec95c841fdb89fc0de7496fed11ab854e"
  version = "v1.4.0"

[[projects]]
  name = "github.com/jrick/bitset"
  packages = ["."]
  revision = "06eae37cdf93c699c0503c23f998167ce841974c"
  version = "v1.0.0"

[[projects]]
  name = "github.com/jrick/logrotate"
  packages = ["rotator"]
  revision = "a93b200c26cbae3bb09dd0dc2c7c7fe1468a034a"
  version = "v1.0.0"

[[projects]]
  branch = "master"
  name = "golang.org/x/crypto"
  packages = [
    "ripemd160",
    "ssh/terminal"
  ]
  revision = "ab813273cd59e1333f7ae7bff5d027d4aadf528c"

[[projects]]
  branch = "master"
  name = "golang.org/x/sys"
  packages = [
    "unix",
    "windows"
  ]
  revision = "c11f84a56e43e20a78cee75a7c034031ecf57d1f"

[solve-meta]
  analyzer-name = "dep"
  analyzer-version = 1
  inputs-digest = "449d7c8bffc532ba95de7b1ff1610a127446bc19afd8071dbc023bb8d978da13"
  solver-name = "gps-cdcl"
  solver-version = 1
