github.com/agl/ed25519 v0.0.0-20170116200512-5312a6153412 h1:w1UutsfOrms1J05zt7ISrnJIXKzwaspym5BTKGx93EI=
github.com/agl/ed25519 v0.0.0-20170116200512-5312a6153412/go.mod h1:WPjqKcmVOxf0XSf3YxCJs6N6AOSrOx3obionmG7T0y0=
github.com/davecgh/go-spew v1.1.1 h1:vj9j/u1bqnvCEfJOwUhtlOARqs3+rkHYY13jYWTU97c=
github.com/davecgh/go-spew v1.1.1/go.mod h1:J7Y8YcW2NihsgmVo/mv3lAwl/skON4iLHjSsI+c5H38=
github.com/dchest/siphash v1.2.3 h1:QXwFc8cFOR2dSa/gE6o/HokBMWtLUaNDVd+22aKHeEA=
github.com/dchest/siphash v1.2.3/go.mod h1:0NvQU092bT0ipiFN++/rXm69QG9tVxLAlQHIXMPAkHc=
github.com/decred/base58 v1.0.5 h1:hwcieUM3pfPnE/6p3J100zoRfGkQxBulZHo7GZfOqic=
github.com/decred/dcrd/chaincfg/chainhash v1.0.4 h1:zRCv6tdncLfLTKYqu7hrXvs7hW+8FO/NvwoFvGsrluU=
github.com/decred/dcrd/chaincfg/chainhash v1.0.4/go.mod h1:hA86XxlBWwHivMvxzXTSD0ZCG/LoYsFdWnCekkTMCqY=
github.com/decred/dcrd/container/lru v1.0.0 h1:7foQymtbu18aQWYiY9RnNIeE+kvpiN+fiBQ3+viyJjI=
github.com/decred/dcrd/container/lru v1.0.0/go.mod h1:vlPwj0l+IzAHhQSsbgQnJgO5Cte78+yI065V+Mc5PRQ=
github.com/decred/dcrd/crypto/blake256 v1.0.1 h1:7PltbUIQB7u/FfZ39+DGa/ShuMyJ5ilcvdfma9wOH6Y=
github.com/decred/dcrd/crypto/blake256 v1.0.1/go.mod h1:2OfgNZ5wDpcsFmHmCK5gZTPcCXqlm2ArzUIkw9czNJo=
github.com/decred/dcrd/crypto/rand v0.0.0-20240613191711-f467a378e749 h1:bQsdL5RvOSzboIgj8aGhvrQoZm5uj5iaO4lZt++79T4=
github.com/decred/dcrd/crypto/rand v0.0.0-20240613191711-f467a378e749/go.mod h1:coa7BbxSTiKH6esi257plGfMFYuGL4MTbQlLYnOdzpE=
github.com/decred/dcrd/crypto/ripemd160 v1.0.2 h1:TvGTmUBHDU75OHro9ojPLK+Yv7gDl2hnUvRocRCjsys=
github.com/decred/dcrd/crypto/ripemd160 v1.0.2/go.mod h1:uGfjDyePSpa75cSQLzNdVmWlbQMBuiJkvXw/MNKRY4M=
github.com/decred/dcrd/dcrec v1.0.1 h1:gDzlndw0zYxM5BlaV17d7ZJV6vhRe9njPBFeg4Db2UY=
github.com/decred/dcrd/dcrec v1.0.1/go.mod h1:CO+EJd8eHFb8WHa84C7ZBkXsNUIywaTHb+UAuI5uo6o=
github.com/decred/dcrd/dcrec/edwards/v2 v2.0.3 h1:l/lhv2aJCUignzls81+wvga0TFlyoZx8QxRMQgXpZik=
github.com/decred/dcrd/dcrec/edwards/v2 v2.0.3/go.mod h1:AKpV6+wZ2MfPRJnTbQ6NPgWrKzbe9RCIlCF/FKzMtM8=
github.com/decred/dcrd/dcrec/secp256k1/v4 v4.3.0 h1:rpfIENRNNilwHwZeG5+P150SMrnNEcHYvcCuK6dPZSg=
github.com/decred/dcrd/dcrec/secp256k1/v4 v4.3.0/go.mod h1:v57UDF4pDQJcEfFUCRop3lJL149eHGSe9Jvczhzjo/0=
github.com/decred/dcrd/txscript/v4 v4.1.1 h1:R4M2+jMujgQA91899SkL0cW66d6DC76Gx+1W1oEHjc0=
github.com/decred/dcrd/txscript/v4 v4.1.1/go.mod h1:7ybmJoI+b6dxvQ+0aXdZpkyrj0PbnylJCzFxD1g8+/A=
github.com/decred/dcrd/wire v1.7.0 h1:5JHiDjEQeS4XUl4PfnTZYLwAD/E/+LwBmPRec/fP76o=
github.com/decred/dcrd/wire v1.7.0/go.mod h1:lAqrzV0SU4kyV6INLEJgDtUjJaTaVKrbF4LHtaYl+zU=
github.com/decred/go-socks v1.1.0 h1:dnENcc0KIqQo3HSXdgboXAHgqsCIutkqq6ntQjYtm2U=
github.com/decred/go-socks v1.1.0/go.mod h1:sDhHqkZH0X4JjSa02oYOGhcGHYp12FsY1jQ/meV8md0=
github.com/decred/slog v1.2.0 h1:soHAxV52B54Di3WtKLfPum9OFfWqwtf/ygf9njdfnPM=
github.com/decred/slog v1.2.0/go.mod h1:kVXlGnt6DHy2fV5OjSeuvCJ0OmlmTF6LFpEPMu/fOY0=
github.com/klauspost/cpuid/v2 v2.0.9 h1:lgaqFMSdTdQYdZ04uHyN2d/eKdOMyi2YLSvlQIBFYa4=
github.com/klauspost/cpuid/v2 v2.0.9/go.mod h1:FInQzS24/EEf25PyTYn52gqo7WaD8xa0213Md/qVLRg=
golang.org/x/crypto v0.24.0 h1:mnl8DM0o513X8fdIkmyFE/5hTYxbwYOjDS/+rK6qpRI=
golang.org/x/crypto v0.24.0/go.mod h1:Z1PMYSOR5nyMcyAVAIQSKCDwalqy85Aqn1x3Ws4L5DM=
golang.org/x/sys v0.21.0 h1:rF+pYz3DAGSQAxAu1CbC7catZg4ebC4UIeIhKxBZvws=
golang.org/x/sys v0.21.0/go.mod h1:/VUhepiaJMQUp4+oa/7Zr1D23ma6VTLIYjOOTFZPUcA=
lukechampine.com/blake3 v1.3.0 h1:sJ3XhFINmHSrYCgl958hscfIa3bw8x4DqMP3u1YvoYE=
lukechampine.com/blake3 v1.3.0/go.mod h1:0OFRp7fBtAylGVCO40o87sbupkyIGgbpv1+M1k1LM6k=
