github.com/agl/ed25519 v0.0.0-20170116200512-5312a6153412 h1:w1UutsfOrms1J05zt7ISrnJIXKzwaspym5BTKGx93EI=
github.com/agl/ed25519 v0.0.0-20170116200512-5312a6153412/go.mod h1:WPjqKcmVOxf0XSf3YxCJs6N6AOSrOx3obionmG7T0y0=
github.com/davecgh/go-spew v1.1.1 h1:vj9j/u1bqnvCEfJOwUhtlOARqs3+rkHYY13jYWTU97c=
github.com/davecgh/go-spew v1.1.1/go.mod h1:J7Y8YcW2NihsgmVo/mv3lAwl/skON4iLHjSsI+c5H38=
github.com/dchest/siphash v1.2.3 h1:QXwFc8cFOR2dSa/gE6o/HokBMWtLUaNDVd+22aKHeEA=
github.com/dchest/siphash v1.2.3/go.mod h1:0NvQU092bT0ipiFN++/rXm69QG9tVxLAlQHIXMPAkHc=
github.com/decred/base58 v1.0.6 h1:NXndBcO+ubGZORV3EulvqeBcMuQM7doqVGa7pBhMOs4=
github.com/decred/dcrd/chaincfg/chainhash v1.0.5 h1:GwzXLsZoemdDxFdtj3GdW25Z+NXdN6nD3OjVtA+UwiE=
github.com/decred/dcrd/chaincfg/chainhash v1.0.5/go.mod h1:vCqZMGtKbyxJkdcVzP3Ryc9IvaspVUb7hO6t+rjxmcs=
github.com/decred/dcrd/container/lru v1.0.0 h1:7foQymtbu18aQWYiY9RnNIeE+kvpiN+fiBQ3+viyJjI=
github.com/decred/dcrd/container/lru v1.0.0/go.mod h1:vlPwj0l+IzAHhQSsbgQnJgO5Cte78+yI065V+Mc5PRQ=
github.com/decred/dcrd/crypto/blake256 v1.1.0 h1:zPMNGQCm0g4QTY27fOCorQW7EryeQ/U0x++OzVrdms8=
github.com/decred/dcrd/crypto/blake256 v1.1.0/go.mod h1:2OfgNZ5wDpcsFmHmCK5gZTPcCXqlm2ArzUIkw9czNJo=
github.com/decred/dcrd/crypto/rand v1.0.1 h1:pYMgDRmRv1z1RNgAAs8izJstm4B+fLFiqGD5btOt2Wg=
github.com/decred/dcrd/crypto/rand v1.0.1/go.mod h1:MsA2XySk/4KpCOYW6vsNYTGuOYRK1wpvulaWCuW7RyI=
github.com/decred/dcrd/crypto/ripemd160 v1.0.2 h1:TvGTmUBHDU75OHro9ojPLK+Yv7gDl2hnUvRocRCjsys=
github.com/decred/dcrd/crypto/ripemd160 v1.0.2/go.mod h1:uGfjDyePSpa75cSQLzNdVmWlbQMBuiJkvXw/MNKRY4M=
github.com/decred/dcrd/dcrec v1.0.1 h1:gDzlndw0zYxM5BlaV17d7ZJV6vhRe9njPBFeg4Db2UY=
github.com/decred/dcrd/dcrec v1.0.1/go.mod h1:CO+EJd8eHFb8WHa84C7ZBkXsNUIywaTHb+UAuI5uo6o=
github.com/decred/dcrd/dcrec/edwards/v2 v2.0.4 h1:xmmdtnGxF/Od2doiP56zBv5a3LgJ3PA6mlx3Luf622I=
github.com/decred/dcrd/dcrec/edwards/v2 v2.0.4/go.mod h1:07Ke2V+uJkG72M1Eiek8CF6NUB3XPlZ38cIit57R0UU=
github.com/decred/dcrd/dcrec/secp256k1/v4 v4.4.0 h1:NMZiJj8QnKe1LgsbDayM4UoHwbvwDRwnI3hwNaAHRnc=
github.com/decred/dcrd/dcrec/secp256k1/v4 v4.4.0/go.mod h1:ZXNYxsqcloTdSy/rNShjYzMhyjf0LaoftYK0p+A3h40=
github.com/decred/dcrd/txscript/v4 v4.1.2 h1:1EP7ZmBDl2LBeAMTEygxY8rVNN3+lkGqrsb4u64x+II=
github.com/decred/dcrd/txscript/v4 v4.1.2/go.mod h1:r5/8qfCnl6TFrE369gggUayVIryM1oC7BLoRfa27Ckw=
github.com/decred/dcrd/wire v1.7.1 h1:kDuHBiY1Qv9rBxYKgC2RgyPy7IOA2WRf00jqHwpr16I=
github.com/decred/dcrd/wire v1.7.1/go.mod h1:eP9XRsMloy+phlntkTAaAm611JgLv8NqY1YJoRxkNKU=
github.com/decred/go-socks v1.1.0 h1:dnENcc0KIqQo3HSXdgboXAHgqsCIutkqq6ntQjYtm2U=
github.com/decred/go-socks v1.1.0/go.mod h1:sDhHqkZH0X4JjSa02oYOGhcGHYp12FsY1jQ/meV8md0=
github.com/decred/slog v1.2.0 h1:soHAxV52B54Di3WtKLfPum9OFfWqwtf/ygf9njdfnPM=
github.com/decred/slog v1.2.0/go.mod h1:kVXlGnt6DHy2fV5OjSeuvCJ0OmlmTF6LFpEPMu/fOY0=
github.com/klauspost/cpuid/v2 v2.0.9 h1:lgaqFMSdTdQYdZ04uHyN2d/eKdOMyi2YLSvlQIBFYa4=
github.com/klauspost/cpuid/v2 v2.0.9/go.mod h1:FInQzS24/EEf25PyTYn52gqo7WaD8xa0213Md/qVLRg=
golang.org/x/crypto v0.33.0 h1:IOBPskki6Lysi0lo9qQvbxiQ+FvsCC/YWOecCHAixus=
golang.org/x/crypto v0.33.0/go.mod h1:bVdXmD7IV/4GdElGPozy6U7lWdRXA4qyRVGJV57uQ5M=
golang.org/x/sys v0.30.0 h1:QjkSwP/36a20jFYWkSue1YwXzLmsV5Gfq7Eiy72C1uc=
golang.org/x/sys v0.30.0/go.mod h1:/VUhepiaJMQUp4+oa/7Zr1D23ma6VTLIYjOOTFZPUcA=
lukechampine.com/blake3 v1.3.0 h1:sJ3XhFINmHSrYCgl958hscfIa3bw8x4DqMP3u1YvoYE=
lukechampine.com/blake3 v1.3.0/go.mod h1:0OFRp7fBtAylGVCO40o87sbupkyIGgbpv1+M1k1LM6k=
