github.com/davecgh/go-spew v1.1.1 h1:vj9j/u1bqnvCEfJOwUhtlOARqs3+rkHYY13jYWTU97c=
github.com/davecgh/go-spew v1.1.1/go.mod h1:J7Y8YcW2NihsgmVo/mv3lAwl/skON4iLHjSsI+c5H38=
github.com/decred/dcrd/chaincfg/chainhash v1.0.4 h1:zRCv6tdncLfLTKYqu7hrXvs7hW+8FO/NvwoFvGsrluU=
github.com/decred/dcrd/chaincfg/chainhash v1.0.4/go.mod h1:hA86XxlBWwHivMvxzXTSD0ZCG/LoYsFdWnCekkTMCqY=
github.com/decred/dcrd/crypto/blake256 v1.0.1 h1:7PltbUIQB7u/FfZ39+DGa/ShuMyJ5ilcvdfma9wOH6Y=
github.com/decred/dcrd/crypto/blake256 v1.0.1/go.mod h1:2OfgNZ5wDpcsFmHmCK5gZTPcCXqlm2ArzUIkw9czNJo=
github.com/decred/dcrd/wire v1.7.0 h1:5JHiDjEQeS4XUl4PfnTZYLwAD/E/+LwBmPRec/fP76o=
github.com/decred/dcrd/wire v1.7.0/go.mod h1:lAqrzV0SU4kyV6INLEJgDtUjJaTaVKrbF4LHtaYl+zU=
github.com/decred/slog v1.2.0 h1:soHAxV52B54Di3WtKLfPum9OFfWqwtf/ygf9njdfnPM=
github.com/decred/slog v1.2.0/go.mod h1:kVXlGnt6DHy2fV5OjSeuvCJ0OmlmTF6LFpEPMu/fOY0=
github.com/klauspost/cpuid/v2 v2.0.9 h1:lgaqFMSdTdQYdZ04uHyN2d/eKdOMyi2YLSvlQIBFYa4=
github.com/klauspost/cpuid/v2 v2.0.9/go.mod h1:FInQzS24/EEf25PyTYn52gqo7WaD8xa0213Md/qVLRg=
lukechampine.com/blake3 v1.3.0 h1:sJ3XhFINmHSrYCgl958hscfIa3bw8x4DqMP3u1YvoYE=
lukechampine.com/blake3 v1.3.0/go.mod h1:0OFRp7fBtAylGVCO40o87sbupkyIGgbpv1+M1k1LM6k=
