github.com/agl/ed25519 v0.0.0-20170116200512-5312a6153412 h1:w1UutsfOrms1J05zt7ISrnJIXKzwaspym5BTKGx93EI=
github.com/agl/ed25519 v0.0.0-20170116200512-5312a6153412/go.mod h1:WPjqKcmVOxf0XSf3YxCJs6N6AOSrOx3obionmG7T0y0=
github.com/davecgh/go-spew v1.1.1 h1:vj9j/u1bqnvCEfJOwUhtlOARqs3+rkHYY13jYWTU97c=
github.com/davecgh/go-spew v1.1.1/go.mod h1:J7Y8YcW2NihsgmVo/mv3lAwl/skON4iLHjSsI+c5H38=
github.com/decred/base58 v1.0.2 h1:yupIH6bg+q7KYfBk7oUv3xFjKGb5Ypm4+v/61X4keGY=
github.com/decred/base58 v1.0.2/go.mod h1:pXP9cXCfM2sFLb2viz2FNIdeMWmZDBKG3ZBYbiSM78E=
github.com/decred/dcrd/chaincfg/chainhash v1.0.2 h1:rt5Vlq/jM3ZawwiacWjPa+smINyLRN07EO0cNBV6DGU=
github.com/decred/dcrd/chaincfg/chainhash v1.0.2/go.mod h1:BpbrGgrPTr3YJYRN3Bm+D9NuaFd+zGyNeIKgrhCXK60=
github.com/decred/dcrd/chaincfg/v3 v3.0.0-20200215023918-6247af01d5e3/go.mod h1:v4oyBPQ/ZstYCV7+B0y6HogFByW76xTjr+72fOm66Y8=
github.com/decred/dcrd/chaincfg/v3 v3.0.0-20200215031403-6b2ce76f0986 h1:NB6x4lAI19wftZoHBxYePkjEDWhQXH0C+Q42Q/DAZWM=
github.com/decred/dcrd/chaincfg/v3 v3.0.0-20200215031403-6b2ce76f0986/go.mod h1:v4oyBPQ/ZstYCV7+B0y6HogFByW76xTjr+72fOm66Y8=
github.com/decred/dcrd/crypto/blake256 v1.0.0 h1:/8DMNYp9SGi5f0w7uCm6d6M4OU2rGFK09Y2A4Xv7EE0=
github.com/decred/dcrd/crypto/blake256 v1.0.0/go.mod h1:sQl2p6Y26YV+ZOcSTP6thNdn47hh8kt6rqSlvmrXFAc=
github.com/decred/dcrd/crypto/ripemd160 v1.0.0 h1:MciTnR4NfBqDFRFjFkrn8WPLP4Vo7t6ww6ghfn6wcXQ=
github.com/decred/dcrd/crypto/ripemd160 v1.0.0/go.mod h1:F0H8cjIuWTRoixr/LM3REB8obcWkmYx0gbxpQWR8RPg=
github.com/decred/dcrd/dcrec v1.0.0 h1:W+z6Es+Rai3MXYVoPAxYr5U1DGis0Co33scJ6uH2J6o=
github.com/decred/dcrd/dcrec v1.0.0/go.mod h1:HIaqbEJQ+PDzQcORxnqen5/V1FR3B4VpIfmePklt8Q8=
github.com/decred/dcrd/dcrec/edwards/v2 v2.0.0 h1:E5KszxGgpjpmW8vN811G6rBAZg0/S/DftdGqN4FW5x4=
github.com/decred/dcrd/dcrec/edwards/v2 v2.0.0/go.mod h1:d0H8xGMWbiIQP7gN3v2rByWUcuZPm9YsgmnfoxgbINc=
github.com/decred/dcrd/dcrec/secp256k1/v2 v2.0.0/go.mod h1:3s92l0paYkZoIHuj4X93Teg/HB7eGM9x/zokGw+u4mY=
github.com/decred/dcrd/dcrec/secp256k1/v3 v3.0.0-20200215023918-6247af01d5e3/go.mod h1:Ej0/gOv8NpFfaczyXGndw7eRMJFVhmY2faSeyxztSUw=
github.com/decred/dcrd/dcrec/secp256k1/v3 v3.0.0-20200215031403-6b2ce76f0986 h1:r8PwukjSzsZeVOgq1M3Q6ml6A7zZGvMTFjmxFcl2XX8=
github.com/decred/dcrd/dcrec/secp256k1/v3 v3.0.0-20200215031403-6b2ce76f0986/go.mod h1:Ej0/gOv8NpFfaczyXGndw7eRMJFVhmY2faSeyxztSUw=
github.com/decred/dcrd/dcrec/secp256k1/v3 v3.0.0-20200608124004-b2f67c2dc475 h1:N4p2A5SPMXm97Vc8LazxchwudeE5GDs6S0WxwcrRmog=
github.com/decred/dcrd/dcrec/secp256k1/v3 v3.0.0-20200608124004-b2f67c2dc475/go.mod h1:J70FGZSbzsjecRTiTzER+3f1KZLNaXkuv+yeFTKoxM8=
github.com/decred/dcrd/dcrutil/v3 v3.0.0-20200215031403-6b2ce76f0986 h1:oT+4AnwK68i+xJlMUAh7G2wiazWY7ZaMWbBdXvV29mA=
github.com/decred/dcrd/dcrutil/v3 v3.0.0-20200215031403-6b2ce76f0986/go.mod h1:jFxEd2LWDLvrWlrIiyx9ZGTQjvoFHZ0OVfBdyIX7jSw=
github.com/decred/slog v1.0.0 h1:Dl+W8O6/JH6n2xIFN2p3DNjCmjYwvrXsjlSJTQQ4MhE=
github.com/decred/slog v1.0.0/go.mod h1:zR98rEZHSnbZ4WHZtO0iqmSZjDLKhkXfrPTZQKtAonQ=
