github.com/agl/ed25519 v0.0.0-20170116200512-5312a6153412 h1:w1UutsfOrms1J05zt7ISrnJIXKzwaspym5BTKGx93EI=
github.com/agl/ed25519 v0.0.0-20170116200512-5312a6153412/go.mod h1:WPjqKcmVOxf0XSf3YxCJs6N6AOSrOx3obionmG7T0y0=
github.com/davecgh/go-spew v1.1.1 h1:vj9j/u1bqnvCEfJOwUhtlOARqs3+rkHYY13jYWTU97c=
github.com/dchest/siphash v1.2.3 h1:QXwFc8cFOR2dSa/gE6o/HokBMWtLUaNDVd+22aKHeEA=
github.com/dchest/siphash v1.2.3/go.mod h1:0NvQU092bT0ipiFN++/rXm69QG9tVxLAlQHIXMPAkHc=
github.com/decred/base58 v1.0.5 h1:hwcieUM3pfPnE/6p3J100zoRfGkQxBulZHo7GZfOqic=
github.com/decred/base58 v1.0.5/go.mod h1:s/8lukEHFA6bUQQb/v3rjUySJ2hu+RioCzLukAVkrfw=
github.com/decred/dcrd/blockchain/stake/v5 v5.0.0 h1:WyxS8zMvTMpC5qYC9uJY+UzuV/x9ko4z20qBtH5Hzzs=
github.com/decred/dcrd/blockchain/stake/v5 v5.0.0/go.mod h1:5sSjMq9THpnrLkW0SjEqIBIo8qq2nXzc+m7k9oFVVmY=
github.com/decred/dcrd/chaincfg/chainhash v1.0.4 h1:zRCv6tdncLfLTKYqu7hrXvs7hW+8FO/NvwoFvGsrluU=
github.com/decred/dcrd/chaincfg/chainhash v1.0.4/go.mod h1:hA86XxlBWwHivMvxzXTSD0ZCG/LoYsFdWnCekkTMCqY=
github.com/decred/dcrd/chaincfg/v3 v3.2.0 h1:6WxA92AGBkycEuWvxtZMvA76FbzbkDRoK8OGbsR2muk=
github.com/decred/dcrd/chaincfg/v3 v3.2.0/go.mod h1:2rHW1TKyFmwZTVBLoU/Cmf0oxcpBjUEegbSlBfrsriI=
github.com/decred/dcrd/crypto/blake256 v1.0.1 h1:7PltbUIQB7u/FfZ39+DGa/ShuMyJ5ilcvdfma9wOH6Y=
github.com/decred/dcrd/crypto/blake256 v1.0.1/go.mod h1:2OfgNZ5wDpcsFmHmCK5gZTPcCXqlm2ArzUIkw9czNJo=
github.com/decred/dcrd/crypto/ripemd160 v1.0.2 h1:TvGTmUBHDU75OHro9ojPLK+Yv7gDl2hnUvRocRCjsys=
github.com/decred/dcrd/crypto/ripemd160 v1.0.2/go.mod h1:uGfjDyePSpa75cSQLzNdVmWlbQMBuiJkvXw/MNKRY4M=
github.com/decred/dcrd/database/v3 v3.0.1 h1:oaklASAsUBwDoRgaS961WYqecFMZNhI1k+BmGgeW7/U=
github.com/decred/dcrd/database/v3 v3.0.1/go.mod h1:IErr/Z62pFLoPZTMPGxedbcIuseGk0w3dszP3AFbXyw=
github.com/decred/dcrd/dcrec v1.0.1 h1:gDzlndw0zYxM5BlaV17d7ZJV6vhRe9njPBFeg4Db2UY=
github.com/decred/dcrd/dcrec v1.0.1/go.mod h1:CO+EJd8eHFb8WHa84C7ZBkXsNUIywaTHb+UAuI5uo6o=
github.com/decred/dcrd/dcrec/edwards/v2 v2.0.3 h1:l/lhv2aJCUignzls81+wvga0TFlyoZx8QxRMQgXpZik=
github.com/decred/dcrd/dcrec/edwards/v2 v2.0.3/go.mod h1:AKpV6+wZ2MfPRJnTbQ6NPgWrKzbe9RCIlCF/FKzMtM8=
github.com/decred/dcrd/dcrec/secp256k1/v4 v4.2.0 h1:8UrgZ3GkP4i/CLijOJx79Yu+etlyjdBU4sfcs2WYQMs=
github.com/decred/dcrd/dcrec/secp256k1/v4 v4.2.0/go.mod h1:v57UDF4pDQJcEfFUCRop3lJL149eHGSe9Jvczhzjo/0=
github.com/decred/dcrd/dcrjson/v4 v4.0.1 h1:vyQuB1miwGqbCVNm8P6br3V65WQ6wyrh0LycMkvaBBg=
github.com/decred/dcrd/dcrjson/v4 v4.0.1/go.mod h1:2qVikafVF9/X3PngQVmqkbUbyAl32uik0k/kydgtqMc=
github.com/decred/dcrd/dcrutil/v4 v4.0.1 h1:E+d2TNbpOj0f1L9RqkZkEm1QolFjajvkzxWC5WOPf1s=
github.com/decred/dcrd/dcrutil/v4 v4.0.1/go.mod h1:7EXyHYj8FEqY+WzMuRkF0nh32ueLqhutZDoW4eQ+KRc=
github.com/decred/dcrd/gcs/v4 v4.0.0 h1:bet+Ax1ZFUqn2M0g1uotm0b8F6BZ9MmblViyJ088E8k=
github.com/decred/dcrd/gcs/v4 v4.0.0/go.mod h1:9z+EBagzpEdAumwS09vf/hiGaR8XhNmsBgaVq6u7/NI=
github.com/decred/dcrd/rpc/jsonrpc/types/v4 v4.0.0 h1:4YUKsWKrKlkhVMYGRB6G0XI6QfwUnwEH18eoEbM1/+M=
github.com/decred/dcrd/rpc/jsonrpc/types/v4 v4.0.0/go.mod h1:dDHO7ivrPAhZjFD3LoOJN/kdq5gi0sxie6zCsWHAiUo=
github.com/decred/dcrd/txscript/v4 v4.1.0 h1:uEdcibIOl6BuWj3AqmXZ9xIK/qbo6lHY9aNk29FtkrU=
github.com/decred/dcrd/txscript/v4 v4.1.0/go.mod h1:OVguPtPc4YMkgssxzP8B6XEMf/J3MB6S1JKpxgGQqi0=
github.com/decred/dcrd/wire v1.6.0 h1:YOGwPHk4nzGr6OIwUGb8crJYWDiVLpuMxfDBCCF7s/o=
github.com/decred/dcrd/wire v1.6.0/go.mod h1:XQ8Xv/pN/3xaDcb7sH8FBLS9cdgVctT7HpBKKGsIACk=
github.com/decred/go-socks v1.1.0 h1:dnENcc0KIqQo3HSXdgboXAHgqsCIutkqq6ntQjYtm2U=
github.com/decred/go-socks v1.1.0/go.mod h1:sDhHqkZH0X4JjSa02oYOGhcGHYp12FsY1jQ/meV8md0=
github.com/decred/slog v1.2.0 h1:soHAxV52B54Di3WtKLfPum9OFfWqwtf/ygf9njdfnPM=
github.com/decred/slog v1.2.0/go.mod h1:kVXlGnt6DHy2fV5OjSeuvCJ0OmlmTF6LFpEPMu/fOY0=
github.com/golang/snappy v0.0.4 h1:yAGX7huGHXlcLOEtBnF4w7FQwA26wojNCwOYAEhLjQM=
github.com/gorilla/websocket v1.4.2 h1:+/TMaTYc4QFitKJxsQ7Yye35DkWvkdLcvGKqM+x0Ufc=
github.com/gorilla/websocket v1.4.2/go.mod h1:YR8l580nyteQvAITg2hZ9XVh4b55+EU/adAjf1fMHhE=
github.com/klauspost/cpuid/v2 v2.0.9 h1:lgaqFMSdTdQYdZ04uHyN2d/eKdOMyi2YLSvlQIBFYa4=
github.com/klauspost/cpuid/v2 v2.0.9/go.mod h1:FInQzS24/EEf25PyTYn52gqo7WaD8xa0213Md/qVLRg=
github.com/syndtr/goleveldb v1.0.1-0.20210819022825-2ae1ddf74ef7 h1:epCh84lMvA70Z7CTTCmYQn2CKbY8j86K7/FAIr141uY=
lukechampine.com/blake3 v1.2.1 h1:YuqqRuaqsGV71BV/nm9xlI0MKUv4QC54jQnBChWbGnI=
lukechampine.com/blake3 v1.2.1/go.mod h1:0OFRp7fBtAylGVCO40o87sbupkyIGgbpv1+M1k1LM6k=
